
Microsoft Visual Studio Solution File, Format Version 12.00
# Visual Studio Version 17
VisualStudioVersion = 17.10.34916.146
MinimumVisualStudioVersion = 10.0.40219.1
Project("{FAE04EC0-301F-11D3-BF4B-00C04F79EFBC}") = "GrifindoToys", "GrifindoToys\GrifindoToys.csproj", "{03C0C84D-2EA2-4EC2-8C09-FB92B811585D}"
EndProject
Global
	GlobalSection(SolutionConfigurationPlatforms) = preSolution
		Debug|Any CPU = Debug|Any CPU
		Release|Any CPU = Release|Any CPU
	EndGlobalSection
	GlobalSection(ProjectConfigurationPlatforms) = postSolution
		{03C0C84D-2EA2-4EC2-8C09-FB92B811585D}.Debug|Any CPU.ActiveCfg = Debug|Any CPU
		{03C0C84D-2EA2-4EC2-8C09-FB92B811585D}.Debug|Any CPU.Build.0 = Debug|Any CPU
		{03C0C84D-2EA2-4EC2-8C09-FB92B811585D}.Release|Any CPU.ActiveCfg = Release|Any CPU
		{03C0C84D-2EA2-4EC2-8C09-FB92B811585D}.Release|Any CPU.Build.0 = Release|Any CPU
	EndGlobalSection
	GlobalSection(SolutionProperties) = preSolution
		HideSolutionNode = FALSE
	EndGlobalSection
	GlobalSection(ExtensibilityGlobals) = postSolution
		SolutionGuid = {8D4475AB-2DB9-4ADA-976A-F3BAB9D6C2A1}
	EndGlobalSection
EndGlobal
